
Microsoft Visual Studio Solution File, Format Version 12.00
# Visual Studio Version 17
VisualStudioVersion = 17.5.002.0
MinimumVisualStudioVersion = 10.0.40219.1
Project("{2150E333-8FDC-42A3-9474-1A3956D46DE8}") = "tests", "tests", "{D30BCB85-7A45-42FB-B0F2-5ED29EA52C5F}"
EndProject
Project("{9A19103F-16F7-4668-BE54-9A1E7A4F7556}") = "Cepedi.Domain.Tests", "tests\Cepedi.Domain.Tests\Cepedi.Domain.Tests.csproj", "{A57CB16F-6868-4D7C-B19A-1B958AF77DD1}"
EndProject
Project("{9A19103F-16F7-4668-BE54-9A1E7A4F7556}") = "Cepedi.WebApi.Tests", "tests\Cepedi.Api.Tests\Cepedi.WebApi.Tests.csproj", "{59EAE55C-6C20-4631-A308-18132972D124}"
EndProject
Project("{2150E333-8FDC-42A3-9474-1A3956D46DE8}") = "src", "src", "{82B4DDB4-0768-4330-9674-46045B2ABC81}"
EndProject
Project("{9A19103F-16F7-4668-BE54-9A1E7A4F7556}") = "Cepedi.WebApi", "src\Cepedi.WebApi\Cepedi.WebApi.csproj", "{EF02D00E-DA0F-44A7-8A73-DADF6AF7ECDD}"
EndProject
Project("{9A19103F-16F7-4668-BE54-9A1E7A4F7556}") = "Cepedi.Shareable", "src\Cepedi.Shareable\Cepedi.Shareable.csproj", "{1D42B567-EF34-4DF0-B4EB-33F31EFFB497}"
EndProject
Project("{9A19103F-16F7-4668-BE54-9A1E7A4F7556}") = "Cepedi.Domain", "src\Cepedi.Domain\Cepedi.Domain.csproj", "{BAF29ADD-84D4-48DB-82FE-7CE75E8CB78A}"
EndProject
Project("{9A19103F-16F7-4668-BE54-9A1E7A4F7556}") = "Cepedi.Data", "src\Cepedi.Data\Cepedi.Data.csproj", "{4AC87B41-6AB9-4A09-88B5-AE084EC3086B}"
EndProject
Project("{9A19103F-16F7-4668-BE54-9A1E7A4F7556}") = "Cepedi.IoC", "src\Cepedi.IoC\Cepedi.IoC.csproj", "{A0000B6E-D680-4560-A8EA-B24D6F42EBA3}"
EndProject
Global
	GlobalSection(SolutionConfigurationPlatforms) = preSolution
		Debug|Any CPU = Debug|Any CPU
		Release|Any CPU = Release|Any CPU
	EndGlobalSection
	GlobalSection(ProjectConfigurationPlatforms) = postSolution
		{A57CB16F-6868-4D7C-B19A-1B958AF77DD1}.Debug|Any CPU.ActiveCfg = Debug|Any CPU
		{A57CB16F-6868-4D7C-B19A-1B958AF77DD1}.Debug|Any CPU.Build.0 = Debug|Any CPU
		{A57CB16F-6868-4D7C-B19A-1B958AF77DD1}.Release|Any CPU.ActiveCfg = Release|Any CPU
		{A57CB16F-6868-4D7C-B19A-1B958AF77DD1}.Release|Any CPU.Build.0 = Release|Any CPU
		{59EAE55C-6C20-4631-A308-18132972D124}.Debug|Any CPU.ActiveCfg = Debug|Any CPU
		{59EAE55C-6C20-4631-A308-18132972D124}.Debug|Any CPU.Build.0 = Debug|Any CPU
		{59EAE55C-6C20-4631-A308-18132972D124}.Release|Any CPU.ActiveCfg = Release|Any CPU
		{59EAE55C-6C20-4631-A308-18132972D124}.Release|Any CPU.Build.0 = Release|Any CPU
		{EF02D00E-DA0F-44A7-8A73-DADF6AF7ECDD}.Debug|Any CPU.ActiveCfg = Debug|Any CPU
		{EF02D00E-DA0F-44A7-8A73-DADF6AF7ECDD}.Debug|Any CPU.Build.0 = Debug|Any CPU
		{EF02D00E-DA0F-44A7-8A73-DADF6AF7ECDD}.Release|Any CPU.ActiveCfg = Release|Any CPU
		{EF02D00E-DA0F-44A7-8A73-DADF6AF7ECDD}.Release|Any CPU.Build.0 = Release|Any CPU
		{1D42B567-EF34-4DF0-B4EB-33F31EFFB497}.Debug|Any CPU.ActiveCfg = Debug|Any CPU
		{1D42B567-EF34-4DF0-B4EB-33F31EFFB497}.Debug|Any CPU.Build.0 = Debug|Any CPU
		{1D42B567-EF34-4DF0-B4EB-33F31EFFB497}.Release|Any CPU.ActiveCfg = Release|Any CPU
		{1D42B567-EF34-4DF0-B4EB-33F31EFFB497}.Release|Any CPU.Build.0 = Release|Any CPU
		{BAF29ADD-84D4-48DB-82FE-7CE75E8CB78A}.Debug|Any CPU.ActiveCfg = Debug|Any CPU
		{BAF29ADD-84D4-48DB-82FE-7CE75E8CB78A}.Debug|Any CPU.Build.0 = Debug|Any CPU
		{BAF29ADD-84D4-48DB-82FE-7CE75E8CB78A}.Release|Any CPU.ActiveCfg = Release|Any CPU
		{BAF29ADD-84D4-48DB-82FE-7CE75E8CB78A}.Release|Any CPU.Build.0 = Release|Any CPU
		{4AC87B41-6AB9-4A09-88B5-AE084EC3086B}.Debug|Any CPU.ActiveCfg = Debug|Any CPU
		{4AC87B41-6AB9-4A09-88B5-AE084EC3086B}.Debug|Any CPU.Build.0 = Debug|Any CPU
		{4AC87B41-6AB9-4A09-88B5-AE084EC3086B}.Release|Any CPU.ActiveCfg = Release|Any CPU
		{4AC87B41-6AB9-4A09-88B5-AE084EC3086B}.Release|Any CPU.Build.0 = Release|Any CPU
		{A0000B6E-D680-4560-A8EA-B24D6F42EBA3}.Debug|Any CPU.ActiveCfg = Debug|Any CPU
		{A0000B6E-D680-4560-A8EA-B24D6F42EBA3}.Debug|Any CPU.Build.0 = Debug|Any CPU
		{A0000B6E-D680-4560-A8EA-B24D6F42EBA3}.Release|Any CPU.ActiveCfg = Release|Any CPU
		{A0000B6E-D680-4560-A8EA-B24D6F42EBA3}.Release|Any CPU.Build.0 = Release|Any CPU
	EndGlobalSection
	GlobalSection(SolutionProperties) = preSolution
		HideSolutionNode = FALSE
	EndGlobalSection
	GlobalSection(NestedProjects) = preSolution
		{A57CB16F-6868-4D7C-B19A-1B958AF77DD1} = {D30BCB85-7A45-42FB-B0F2-5ED29EA52C5F}
		{59EAE55C-6C20-4631-A308-18132972D124} = {D30BCB85-7A45-42FB-B0F2-5ED29EA52C5F}
		{EF02D00E-DA0F-44A7-8A73-DADF6AF7ECDD} = {82B4DDB4-0768-4330-9674-46045B2ABC81}
		{1D42B567-EF34-4DF0-B4EB-33F31EFFB497} = {82B4DDB4-0768-4330-9674-46045B2ABC81}
		{BAF29ADD-84D4-48DB-82FE-7CE75E8CB78A} = {82B4DDB4-0768-4330-9674-46045B2ABC81}
		{4AC87B41-6AB9-4A09-88B5-AE084EC3086B} = {82B4DDB4-0768-4330-9674-46045B2ABC81}
		{A0000B6E-D680-4560-A8EA-B24D6F42EBA3} = {82B4DDB4-0768-4330-9674-46045B2ABC81}
	EndGlobalSection
	GlobalSection(ExtensibilityGlobals) = postSolution
		SolutionGuid = {230EC006-D272-46EC-8508-FFC447AC7840}
	EndGlobalSection
EndGlobal
