
Microsoft Visual Studio Solution File, Format Version 12.00
# Visual Studio Version 17
VisualStudioVersion = 17.5.002.0
MinimumVisualStudioVersion = 10.0.40219.1
Project("{9A19103F-16F7-4668-BE54-9A1E7A4F7556}") = "Cepedi.WebApi", "Cepedi.WebApi\Cepedi.WebApi.csproj", "{7D36ABDF-026F-4562-9778-F21EDE73FA8A}"
EndProject
Project("{9A19103F-16F7-4668-BE54-9A1E7A4F7556}") = "Cepedi.Shareable", "Cepedi.Shareable\Cepedi.Shareable.csproj", "{D248DE83-4D7B-495B-8E81-542BF7C760EB}"
EndProject
Project("{9A19103F-16F7-4668-BE54-9A1E7A4F7556}") = "Cepedi.Domain", "Cepedi.Domain\Cepedi.Domain.csproj", "{90F8A4D3-CA34-45EF-87D9-8A5BCC118C6D}"
EndProject
Project("{9A19103F-16F7-4668-BE54-9A1E7A4F7556}") = "Cepedi.Data", "Cepedi.Data\Cepedi.Data.csproj", "{420C4114-C028-424E-BE90-69364550B0C6}"
EndProject
Project("{9A19103F-16F7-4668-BE54-9A1E7A4F7556}") = "Cepedi.IoC", "Cepedi.IoC\Cepedi.IoC.csproj", "{627A0F5E-0367-45B1-A0F2-89856E04044D}"
EndProject
Global
	GlobalSection(SolutionConfigurationPlatforms) = preSolution
		Debug|Any CPU = Debug|Any CPU
		Release|Any CPU = Release|Any CPU
	EndGlobalSection
	GlobalSection(ProjectConfigurationPlatforms) = postSolution
		{7D36ABDF-026F-4562-9778-F21EDE73FA8A}.Debug|Any CPU.ActiveCfg = Debug|Any CPU
		{7D36ABDF-026F-4562-9778-F21EDE73FA8A}.Debug|Any CPU.Build.0 = Debug|Any CPU
		{7D36ABDF-026F-4562-9778-F21EDE73FA8A}.Release|Any CPU.ActiveCfg = Release|Any CPU
		{7D36ABDF-026F-4562-9778-F21EDE73FA8A}.Release|Any CPU.Build.0 = Release|Any CPU
		{D248DE83-4D7B-495B-8E81-542BF7C760EB}.Debug|Any CPU.ActiveCfg = Debug|Any CPU
		{D248DE83-4D7B-495B-8E81-542BF7C760EB}.Debug|Any CPU.Build.0 = Debug|Any CPU
		{D248DE83-4D7B-495B-8E81-542BF7C760EB}.Release|Any CPU.ActiveCfg = Release|Any CPU
		{D248DE83-4D7B-495B-8E81-542BF7C760EB}.Release|Any CPU.Build.0 = Release|Any CPU
		{90F8A4D3-CA34-45EF-87D9-8A5BCC118C6D}.Debug|Any CPU.ActiveCfg = Debug|Any CPU
		{90F8A4D3-CA34-45EF-87D9-8A5BCC118C6D}.Debug|Any CPU.Build.0 = Debug|Any CPU
		{90F8A4D3-CA34-45EF-87D9-8A5BCC118C6D}.Release|Any CPU.ActiveCfg = Release|Any CPU
		{90F8A4D3-CA34-45EF-87D9-8A5BCC118C6D}.Release|Any CPU.Build.0 = Release|Any CPU
		{420C4114-C028-424E-BE90-69364550B0C6}.Debug|Any CPU.ActiveCfg = Debug|Any CPU
		{420C4114-C028-424E-BE90-69364550B0C6}.Debug|Any CPU.Build.0 = Debug|Any CPU
		{420C4114-C028-424E-BE90-69364550B0C6}.Release|Any CPU.ActiveCfg = Release|Any CPU
		{420C4114-C028-424E-BE90-69364550B0C6}.Release|Any CPU.Build.0 = Release|Any CPU
		{627A0F5E-0367-45B1-A0F2-89856E04044D}.Debug|Any CPU.ActiveCfg = Debug|Any CPU
		{627A0F5E-0367-45B1-A0F2-89856E04044D}.Debug|Any CPU.Build.0 = Debug|Any CPU
		{627A0F5E-0367-45B1-A0F2-89856E04044D}.Release|Any CPU.ActiveCfg = Release|Any CPU
		{627A0F5E-0367-45B1-A0F2-89856E04044D}.Release|Any CPU.Build.0 = Release|Any CPU
	EndGlobalSection
	GlobalSection(SolutionProperties) = preSolution
		HideSolutionNode = FALSE
	EndGlobalSection
	GlobalSection(ExtensibilityGlobals) = postSolution
		SolutionGuid = {A2345B65-B2AD-4697-BCEF-6FC584857520}
	EndGlobalSection
EndGlobal
